
Microsoft Visual Studio Solution File, Format Version 12.00
# Visual Studio Version 17
VisualStudioVersion = 17.14.36518.9 d17.14
MinimumVisualStudioVersion = 10.0.40219.1
Project("{FAE04EC0-301F-11D3-BF4B-00C04F79EFBC}") = "ConsoleApp4", "ConsoleApp4\ConsoleApp4.csproj", "{C09222AF-3413-4290-9C5A-8B5309366B1C}"
EndProject
Global
	GlobalSection(SolutionConfigurationPlatforms) = preSolution
		Debug|Any CPU = Debug|Any CPU
		Release|Any CPU = Release|Any CPU
	EndGlobalSection
	GlobalSection(ProjectConfigurationPlatforms) = postSolution
		{C09222AF-3413-4290-9C5A-8B5309366B1C}.Debug|Any CPU.ActiveCfg = Debug|Any CPU
		{C09222AF-3413-4290-9C5A-8B5309366B1C}.Debug|Any CPU.Build.0 = Debug|Any CPU
		{C09222AF-3413-4290-9C5A-8B5309366B1C}.Release|Any CPU.ActiveCfg = Release|Any CPU
		{C09222AF-3413-4290-9C5A-8B5309366B1C}.Release|Any CPU.Build.0 = Release|Any CPU
	EndGlobalSection
	GlobalSection(SolutionProperties) = preSolution
		HideSolutionNode = FALSE
	EndGlobalSection
	GlobalSection(ExtensibilityGlobals) = postSolution
		SolutionGuid = {DD0B2B56-1C13-4285-A5E0-F5D0CB238259}
	EndGlobalSection
EndGlobal
